
Microsoft Visual Studio Solution File, Format Version 12.00
# Visual Studio Version 17
VisualStudioVersion = 17.8.34322.80
MinimumVisualStudioVersion = 10.0.40219.1
Project("{9A19103F-16F7-4668-BE54-9A1E7A4F7556}") = "FooBarApp", "FooBarApp\FooBarApp.csproj", "{943E3152-F3DF-433A-9159-3FD27BF342CB}"
EndProject
Global
	GlobalSection(SolutionConfigurationPlatforms) = preSolution
		Debug|Any CPU = Debug|Any CPU
		Release|Any CPU = Release|Any CPU
	EndGlobalSection
	GlobalSection(ProjectConfigurationPlatforms) = postSolution
		{943E3152-F3DF-433A-9159-3FD27BF342CB}.Debug|Any CPU.ActiveCfg = Debug|Any CPU
		{943E3152-F3DF-433A-9159-3FD27BF342CB}.Debug|Any CPU.Build.0 = Debug|Any CPU
		{943E3152-F3DF-433A-9159-3FD27BF342CB}.Release|Any CPU.ActiveCfg = Release|Any CPU
		{943E3152-F3DF-433A-9159-3FD27BF342CB}.Release|Any CPU.Build.0 = Release|Any CPU
	EndGlobalSection
	GlobalSection(SolutionProperties) = preSolution
		HideSolutionNode = FALSE
	EndGlobalSection
	GlobalSection(ExtensibilityGlobals) = postSolution
		SolutionGuid = {F4CFF84C-D998-49D6-8827-D8EDC523262F}
	EndGlobalSection
EndGlobal
